
Microsoft Visual Studio Solution File, Format Version 12.00
# Visual Studio 15
VisualStudioVersion = 15.0.28010.2016
MinimumVisualStudioVersion = 10.0.40219.1
Project("{FAE04EC0-301F-11D3-BF4B-00C04F79EFBC}") = "JsonSettings", "JsonSettings\JsonSettings.csproj", "{F73AC952-E761-442D-8429-4DB485030CD9}"
EndProject
Global
	GlobalSection(SolutionConfigurationPlatforms) = preSolution
		Debug|Any CPU = Debug|Any CPU
		Release|Any CPU = Release|Any CPU
	EndGlobalSection
	GlobalSection(ProjectConfigurationPlatforms) = postSolution
		{F73AC952-E761-442D-8429-4DB485030CD9}.Debug|Any CPU.ActiveCfg = Debug|Any CPU
		{F73AC952-E761-442D-8429-4DB485030CD9}.Debug|Any CPU.Build.0 = Debug|Any CPU
		{F73AC952-E761-442D-8429-4DB485030CD9}.Release|Any CPU.ActiveCfg = Release|Any CPU
		{F73AC952-E761-442D-8429-4DB485030CD9}.Release|Any CPU.Build.0 = Release|Any CPU
	EndGlobalSection
	GlobalSection(SolutionProperties) = preSolution
		HideSolutionNode = FALSE
	EndGlobalSection
	GlobalSection(ExtensibilityGlobals) = postSolution
		SolutionGuid = {A74F3D72-4D7D-4B0A-87D0-16C769EA7F92}
	EndGlobalSection
EndGlobal
